
Microsoft Visual Studio Solution File, Format Version 12.00
# Visual Studio Version 17
VisualStudioVersion = 17.0.32014.148
MinimumVisualStudioVersion = 10.0.40219.1
Project("{9A19103F-16F7-4668-BE54-9A1E7A4F7556}") = "PhilosophyOfProgramming", "PhilosophyOfProgramming\PhilosophyOfProgramming.csproj", "{0ED082CD-E375-4506-95B5-3B0B2C75AAEC}"
EndProject
Project("{9A19103F-16F7-4668-BE54-9A1E7A4F7556}") = "CQRS", "CQRS\CQRS.csproj", "{5290C9B2-73E7-4286-888E-894B6C536BF3}"
EndProject
Project("{9A19103F-16F7-4668-BE54-9A1E7A4F7556}") = "CQRS_UnitTests", "CQRS_UnitTests\CQRS_UnitTests.csproj", "{D0235A65-F37A-4762-B66F-3361E77909E9}"
EndProject
Project("{2150E333-8FDC-42A3-9474-1A3956D46DE8}") = "Autofac", "Autofac", "{0FFC8FE4-8343-41E0-81B2-91485FAD8893}"
EndProject
Project("{9A19103F-16F7-4668-BE54-9A1E7A4F7556}") = "CQRS_Autofac", "CQRS_Autofac\CQRS_Autofac.csproj", "{41BD01AD-E1AF-4675-9BDD-2EBB14108C7D}"
EndProject
Project("{2150E333-8FDC-42A3-9474-1A3956D46DE8}") = "Unit Tests", "Unit Tests", "{8729BDA5-8A2E-4708-AFB3-0DEEFC6976DB}"
EndProject
Project("{9A19103F-16F7-4668-BE54-9A1E7A4F7556}") = "IntegrationBase", "IntegrationBase\IntegrationBase.csproj", "{2FEED2D6-57A2-48B0-83F7-F1585B410FDB}"
EndProject
Project("{2150E333-8FDC-42A3-9474-1A3956D46DE8}") = "Winforms", "Winforms", "{8221000A-E3D7-433A-A422-9E2C9A494A16}"
EndProject
Project("{9A19103F-16F7-4668-BE54-9A1E7A4F7556}") = "Winforms_UI_Helpers", "Winforms_UI_Helpers\Winforms_UI_Helpers.csproj", "{D9771B84-9FCF-4372-9D56-6A57ADC4764D}"
EndProject
Project("{9A19103F-16F7-4668-BE54-9A1E7A4F7556}") = "Notifications", "Notifications\Notifications.csproj", "{FF21459C-BAFB-411A-98E0-88F464D10B2D}"
EndProject
Project("{9A19103F-16F7-4668-BE54-9A1E7A4F7556}") = "ConditionalLibrary", "ConditionalLibrary\ConditionalLibrary.csproj", "{23C19B94-F4A9-48B6-A1E2-C168C29D9503}"
EndProject
Project("{9A19103F-16F7-4668-BE54-9A1E7A4F7556}") = "BDD", "BDD\BDD.csproj", "{DC06A6C2-06E5-4EDA-B702-2B4BB28DD53E}"
EndProject
Project("{9A19103F-16F7-4668-BE54-9A1E7A4F7556}") = "BDD_UnitTests", "BDD_UnitTests\BDD_UnitTests.csproj", "{DF2E50AD-2F91-4CD0-B6CD-55892C6C9629}"
EndProject
Project("{9A19103F-16F7-4668-BE54-9A1E7A4F7556}") = "Utilities", "Utilities\Utilities.csproj", "{BCAED30C-3CED-41F3-B32C-1326B9D63324}"
EndProject
Project("{9A19103F-16F7-4668-BE54-9A1E7A4F7556}") = "Utilities_UnitTests", "Utilities_UnitTests\Utilities_UnitTests.csproj", "{D1A641E0-8E61-405D-A606-E8C5BCF420F5}"
EndProject
Project("{9A19103F-16F7-4668-BE54-9A1E7A4F7556}") = "Document", "Document\Document.csproj", "{5F5DD05A-65F6-4AFB-9E3D-58B63A410F5B}"
EndProject
Project("{9A19103F-16F7-4668-BE54-9A1E7A4F7556}") = "MVC", "MVC\MVC.csproj", "{6E424CB6-C362-4A5D-A789-9DD024939092}"
EndProject
Project("{2150E333-8FDC-42A3-9474-1A3956D46DE8}") = "ApplicationLevelArchitecture", "ApplicationLevelArchitecture", "{3CC442B1-95C0-4B12-A5B9-82B5C922487F}"
EndProject
Project("{2150E333-8FDC-42A3-9474-1A3956D46DE8}") = "Integration", "Integration", "{07A2D1DD-30CB-47AB-9024-7AB556571620}"
EndProject
Project("{2150E333-8FDC-42A3-9474-1A3956D46DE8}") = "TestArchitecture", "TestArchitecture", "{C78070F6-B87F-435E-91FF-FA08BAE3D83B}"
EndProject
Project("{2150E333-8FDC-42A3-9474-1A3956D46DE8}") = "DomainArchitecture", "DomainArchitecture", "{9A82E8B5-E273-46E7-9BCC-661E1BD2CDCC}"
EndProject
Project("{9A19103F-16F7-4668-BE54-9A1E7A4F7556}") = "Repository", "Repository\Repository.csproj", "{A6B723FC-F9F9-4D0D-BD8C-5C1EACF54522}"
EndProject
Project("{9A19103F-16F7-4668-BE54-9A1E7A4F7556}") = "ServiceLayer", "ServiceLayer\ServiceLayer.csproj", "{23355998-DC3E-4F8D-A3DE-6B0B545A44A1}"
EndProject
Project("{2150E333-8FDC-42A3-9474-1A3956D46DE8}") = "General", "General", "{8C5CB37C-0F65-47F3-88A6-20C1C443E487}"
EndProject
Project("{9A19103F-16F7-4668-BE54-9A1E7A4F7556}") = "DataAccess", "DataAccess\DataAccess.csproj", "{07B4593B-95F8-4CE9-9C07-D338190A6C67}"
EndProject
Project("{9A19103F-16F7-4668-BE54-9A1E7A4F7556}") = "Repository_UnitTests", "Repository_UnitTests\Repository_UnitTests.csproj", "{FA920334-0D24-4441-A4DF-0BB18E106D18}"
EndProject
Project("{2150E333-8FDC-42A3-9474-1A3956D46DE8}") = "EntityFramework", "EntityFramework", "{516E7753-42F5-45BB-93F4-5A0C6D0422E3}"
EndProject
Project("{9A19103F-16F7-4668-BE54-9A1E7A4F7556}") = "EF_Repository", "EF_Repository\EF_Repository.csproj", "{2083648F-FB33-4410-BCD1-635CFAD831EC}"
EndProject
Project("{2150E333-8FDC-42A3-9474-1A3956D46DE8}") = "Integration", "Integration", "{D3B3BB6B-5E09-44D6-9642-01B2CEE2446D}"
EndProject
Project("{2150E333-8FDC-42A3-9474-1A3956D46DE8}") = "EntityFramework", "EntityFramework", "{3846A542-EE36-4911-887F-6E14B3FC0AA3}"
EndProject
Project("{9A19103F-16F7-4668-BE54-9A1E7A4F7556}") = "EF_Repository_UnitTests", "EF_Repository_UnitTests\EF_Repository_UnitTests.csproj", "{3797C7D0-12C2-4F5E-9986-F944FE780B18}"
EndProject
Project("{9A19103F-16F7-4668-BE54-9A1E7A4F7556}") = "Builders", "Builders\Builders.csproj", "{6CAAA482-AE2F-4EA2-902F-B4A745ADE254}"
EndProject
Project("{2150E333-8FDC-42A3-9474-1A3956D46DE8}") = "NSubstitute", "NSubstitute", "{F0CE943E-6527-4804-8CC4-F3708521348A}"
EndProject
Project("{9A19103F-16F7-4668-BE54-9A1E7A4F7556}") = "NSubstitute_Builders", "NSubstitute_Builders\NSubstitute_Builders.csproj", "{9BAB7116-BDBC-4771-8937-9A547675CCAF}"
EndProject
Project("{9A19103F-16F7-4668-BE54-9A1E7A4F7556}") = "Validations", "Validations\Validations.csproj", "{BA137FA0-8640-4D1B-96C8-AD8D489ACD2C}"
EndProject
Project("{2150E333-8FDC-42A3-9474-1A3956D46DE8}") = "DomainArchitecture", "DomainArchitecture", "{061ABB25-DA39-42D1-B688-21FDC11B62E8}"
EndProject
Project("{9A19103F-16F7-4668-BE54-9A1E7A4F7556}") = "Validations_Tests", "Validation_Tests\Validations_Tests.csproj", "{F98E3584-4DEB-4829-BC06-42E59E300D96}"
EndProject
Global
	GlobalSection(SolutionConfigurationPlatforms) = preSolution
		Debug|Any CPU = Debug|Any CPU
		Release|Any CPU = Release|Any CPU
	EndGlobalSection
	GlobalSection(ProjectConfigurationPlatforms) = postSolution
		{0ED082CD-E375-4506-95B5-3B0B2C75AAEC}.Debug|Any CPU.ActiveCfg = Debug|Any CPU
		{0ED082CD-E375-4506-95B5-3B0B2C75AAEC}.Debug|Any CPU.Build.0 = Debug|Any CPU
		{0ED082CD-E375-4506-95B5-3B0B2C75AAEC}.Release|Any CPU.ActiveCfg = Release|Any CPU
		{0ED082CD-E375-4506-95B5-3B0B2C75AAEC}.Release|Any CPU.Build.0 = Release|Any CPU
		{5290C9B2-73E7-4286-888E-894B6C536BF3}.Debug|Any CPU.ActiveCfg = Debug|Any CPU
		{5290C9B2-73E7-4286-888E-894B6C536BF3}.Debug|Any CPU.Build.0 = Debug|Any CPU
		{5290C9B2-73E7-4286-888E-894B6C536BF3}.Release|Any CPU.ActiveCfg = Release|Any CPU
		{5290C9B2-73E7-4286-888E-894B6C536BF3}.Release|Any CPU.Build.0 = Release|Any CPU
		{D0235A65-F37A-4762-B66F-3361E77909E9}.Debug|Any CPU.ActiveCfg = Debug|Any CPU
		{D0235A65-F37A-4762-B66F-3361E77909E9}.Debug|Any CPU.Build.0 = Debug|Any CPU
		{D0235A65-F37A-4762-B66F-3361E77909E9}.Release|Any CPU.ActiveCfg = Release|Any CPU
		{D0235A65-F37A-4762-B66F-3361E77909E9}.Release|Any CPU.Build.0 = Release|Any CPU
		{41BD01AD-E1AF-4675-9BDD-2EBB14108C7D}.Debug|Any CPU.ActiveCfg = Debug|Any CPU
		{41BD01AD-E1AF-4675-9BDD-2EBB14108C7D}.Debug|Any CPU.Build.0 = Debug|Any CPU
		{41BD01AD-E1AF-4675-9BDD-2EBB14108C7D}.Release|Any CPU.ActiveCfg = Release|Any CPU
		{41BD01AD-E1AF-4675-9BDD-2EBB14108C7D}.Release|Any CPU.Build.0 = Release|Any CPU
		{2FEED2D6-57A2-48B0-83F7-F1585B410FDB}.Debug|Any CPU.ActiveCfg = Debug|Any CPU
		{2FEED2D6-57A2-48B0-83F7-F1585B410FDB}.Debug|Any CPU.Build.0 = Debug|Any CPU
		{2FEED2D6-57A2-48B0-83F7-F1585B410FDB}.Release|Any CPU.ActiveCfg = Release|Any CPU
		{2FEED2D6-57A2-48B0-83F7-F1585B410FDB}.Release|Any CPU.Build.0 = Release|Any CPU
		{D9771B84-9FCF-4372-9D56-6A57ADC4764D}.Debug|Any CPU.ActiveCfg = Debug|Any CPU
		{D9771B84-9FCF-4372-9D56-6A57ADC4764D}.Debug|Any CPU.Build.0 = Debug|Any CPU
		{D9771B84-9FCF-4372-9D56-6A57ADC4764D}.Release|Any CPU.ActiveCfg = Release|Any CPU
		{D9771B84-9FCF-4372-9D56-6A57ADC4764D}.Release|Any CPU.Build.0 = Release|Any CPU
		{FF21459C-BAFB-411A-98E0-88F464D10B2D}.Debug|Any CPU.ActiveCfg = Debug|Any CPU
		{FF21459C-BAFB-411A-98E0-88F464D10B2D}.Debug|Any CPU.Build.0 = Debug|Any CPU
		{FF21459C-BAFB-411A-98E0-88F464D10B2D}.Release|Any CPU.ActiveCfg = Release|Any CPU
		{FF21459C-BAFB-411A-98E0-88F464D10B2D}.Release|Any CPU.Build.0 = Release|Any CPU
		{23C19B94-F4A9-48B6-A1E2-C168C29D9503}.Debug|Any CPU.ActiveCfg = Debug|Any CPU
		{23C19B94-F4A9-48B6-A1E2-C168C29D9503}.Debug|Any CPU.Build.0 = Debug|Any CPU
		{23C19B94-F4A9-48B6-A1E2-C168C29D9503}.Release|Any CPU.ActiveCfg = Release|Any CPU
		{23C19B94-F4A9-48B6-A1E2-C168C29D9503}.Release|Any CPU.Build.0 = Release|Any CPU
		{DC06A6C2-06E5-4EDA-B702-2B4BB28DD53E}.Debug|Any CPU.ActiveCfg = Debug|Any CPU
		{DC06A6C2-06E5-4EDA-B702-2B4BB28DD53E}.Debug|Any CPU.Build.0 = Debug|Any CPU
		{DC06A6C2-06E5-4EDA-B702-2B4BB28DD53E}.Release|Any CPU.ActiveCfg = Release|Any CPU
		{DC06A6C2-06E5-4EDA-B702-2B4BB28DD53E}.Release|Any CPU.Build.0 = Release|Any CPU
		{DF2E50AD-2F91-4CD0-B6CD-55892C6C9629}.Debug|Any CPU.ActiveCfg = Debug|Any CPU
		{DF2E50AD-2F91-4CD0-B6CD-55892C6C9629}.Debug|Any CPU.Build.0 = Debug|Any CPU
		{DF2E50AD-2F91-4CD0-B6CD-55892C6C9629}.Release|Any CPU.ActiveCfg = Release|Any CPU
		{DF2E50AD-2F91-4CD0-B6CD-55892C6C9629}.Release|Any CPU.Build.0 = Release|Any CPU
		{BCAED30C-3CED-41F3-B32C-1326B9D63324}.Debug|Any CPU.ActiveCfg = Debug|Any CPU
		{BCAED30C-3CED-41F3-B32C-1326B9D63324}.Debug|Any CPU.Build.0 = Debug|Any CPU
		{BCAED30C-3CED-41F3-B32C-1326B9D63324}.Release|Any CPU.ActiveCfg = Release|Any CPU
		{BCAED30C-3CED-41F3-B32C-1326B9D63324}.Release|Any CPU.Build.0 = Release|Any CPU
		{D1A641E0-8E61-405D-A606-E8C5BCF420F5}.Debug|Any CPU.ActiveCfg = Debug|Any CPU
		{D1A641E0-8E61-405D-A606-E8C5BCF420F5}.Debug|Any CPU.Build.0 = Debug|Any CPU
		{D1A641E0-8E61-405D-A606-E8C5BCF420F5}.Release|Any CPU.ActiveCfg = Release|Any CPU
		{D1A641E0-8E61-405D-A606-E8C5BCF420F5}.Release|Any CPU.Build.0 = Release|Any CPU
		{5F5DD05A-65F6-4AFB-9E3D-58B63A410F5B}.Debug|Any CPU.ActiveCfg = Debug|Any CPU
		{5F5DD05A-65F6-4AFB-9E3D-58B63A410F5B}.Debug|Any CPU.Build.0 = Debug|Any CPU
		{5F5DD05A-65F6-4AFB-9E3D-58B63A410F5B}.Release|Any CPU.ActiveCfg = Release|Any CPU
		{5F5DD05A-65F6-4AFB-9E3D-58B63A410F5B}.Release|Any CPU.Build.0 = Release|Any CPU
		{6E424CB6-C362-4A5D-A789-9DD024939092}.Debug|Any CPU.ActiveCfg = Debug|Any CPU
		{6E424CB6-C362-4A5D-A789-9DD024939092}.Debug|Any CPU.Build.0 = Debug|Any CPU
		{6E424CB6-C362-4A5D-A789-9DD024939092}.Release|Any CPU.ActiveCfg = Release|Any CPU
		{6E424CB6-C362-4A5D-A789-9DD024939092}.Release|Any CPU.Build.0 = Release|Any CPU
		{A6B723FC-F9F9-4D0D-BD8C-5C1EACF54522}.Debug|Any CPU.ActiveCfg = Debug|Any CPU
		{A6B723FC-F9F9-4D0D-BD8C-5C1EACF54522}.Debug|Any CPU.Build.0 = Debug|Any CPU
		{A6B723FC-F9F9-4D0D-BD8C-5C1EACF54522}.Release|Any CPU.ActiveCfg = Release|Any CPU
		{A6B723FC-F9F9-4D0D-BD8C-5C1EACF54522}.Release|Any CPU.Build.0 = Release|Any CPU
		{23355998-DC3E-4F8D-A3DE-6B0B545A44A1}.Debug|Any CPU.ActiveCfg = Debug|Any CPU
		{23355998-DC3E-4F8D-A3DE-6B0B545A44A1}.Debug|Any CPU.Build.0 = Debug|Any CPU
		{23355998-DC3E-4F8D-A3DE-6B0B545A44A1}.Release|Any CPU.ActiveCfg = Release|Any CPU
		{23355998-DC3E-4F8D-A3DE-6B0B545A44A1}.Release|Any CPU.Build.0 = Release|Any CPU
		{07B4593B-95F8-4CE9-9C07-D338190A6C67}.Debug|Any CPU.ActiveCfg = Debug|Any CPU
		{07B4593B-95F8-4CE9-9C07-D338190A6C67}.Debug|Any CPU.Build.0 = Debug|Any CPU
		{07B4593B-95F8-4CE9-9C07-D338190A6C67}.Release|Any CPU.ActiveCfg = Release|Any CPU
		{07B4593B-95F8-4CE9-9C07-D338190A6C67}.Release|Any CPU.Build.0 = Release|Any CPU
		{FA920334-0D24-4441-A4DF-0BB18E106D18}.Debug|Any CPU.ActiveCfg = Debug|Any CPU
		{FA920334-0D24-4441-A4DF-0BB18E106D18}.Debug|Any CPU.Build.0 = Debug|Any CPU
		{FA920334-0D24-4441-A4DF-0BB18E106D18}.Release|Any CPU.ActiveCfg = Release|Any CPU
		{FA920334-0D24-4441-A4DF-0BB18E106D18}.Release|Any CPU.Build.0 = Release|Any CPU
		{2083648F-FB33-4410-BCD1-635CFAD831EC}.Debug|Any CPU.ActiveCfg = Debug|Any CPU
		{2083648F-FB33-4410-BCD1-635CFAD831EC}.Debug|Any CPU.Build.0 = Debug|Any CPU
		{2083648F-FB33-4410-BCD1-635CFAD831EC}.Release|Any CPU.ActiveCfg = Release|Any CPU
		{2083648F-FB33-4410-BCD1-635CFAD831EC}.Release|Any CPU.Build.0 = Release|Any CPU
		{3797C7D0-12C2-4F5E-9986-F944FE780B18}.Debug|Any CPU.ActiveCfg = Debug|Any CPU
		{3797C7D0-12C2-4F5E-9986-F944FE780B18}.Debug|Any CPU.Build.0 = Debug|Any CPU
		{3797C7D0-12C2-4F5E-9986-F944FE780B18}.Release|Any CPU.ActiveCfg = Release|Any CPU
		{3797C7D0-12C2-4F5E-9986-F944FE780B18}.Release|Any CPU.Build.0 = Release|Any CPU
		{6CAAA482-AE2F-4EA2-902F-B4A745ADE254}.Debug|Any CPU.ActiveCfg = Debug|Any CPU
		{6CAAA482-AE2F-4EA2-902F-B4A745ADE254}.Debug|Any CPU.Build.0 = Debug|Any CPU
		{6CAAA482-AE2F-4EA2-902F-B4A745ADE254}.Release|Any CPU.ActiveCfg = Release|Any CPU
		{6CAAA482-AE2F-4EA2-902F-B4A745ADE254}.Release|Any CPU.Build.0 = Release|Any CPU
		{9BAB7116-BDBC-4771-8937-9A547675CCAF}.Debug|Any CPU.ActiveCfg = Debug|Any CPU
		{9BAB7116-BDBC-4771-8937-9A547675CCAF}.Debug|Any CPU.Build.0 = Debug|Any CPU
		{9BAB7116-BDBC-4771-8937-9A547675CCAF}.Release|Any CPU.ActiveCfg = Release|Any CPU
		{9BAB7116-BDBC-4771-8937-9A547675CCAF}.Release|Any CPU.Build.0 = Release|Any CPU
		{BA137FA0-8640-4D1B-96C8-AD8D489ACD2C}.Debug|Any CPU.ActiveCfg = Debug|Any CPU
		{BA137FA0-8640-4D1B-96C8-AD8D489ACD2C}.Debug|Any CPU.Build.0 = Debug|Any CPU
		{BA137FA0-8640-4D1B-96C8-AD8D489ACD2C}.Release|Any CPU.ActiveCfg = Release|Any CPU
		{BA137FA0-8640-4D1B-96C8-AD8D489ACD2C}.Release|Any CPU.Build.0 = Release|Any CPU
		{F98E3584-4DEB-4829-BC06-42E59E300D96}.Debug|Any CPU.ActiveCfg = Debug|Any CPU
		{F98E3584-4DEB-4829-BC06-42E59E300D96}.Debug|Any CPU.Build.0 = Debug|Any CPU
		{F98E3584-4DEB-4829-BC06-42E59E300D96}.Release|Any CPU.ActiveCfg = Release|Any CPU
		{F98E3584-4DEB-4829-BC06-42E59E300D96}.Release|Any CPU.Build.0 = Release|Any CPU
	EndGlobalSection
	GlobalSection(SolutionProperties) = preSolution
		HideSolutionNode = FALSE
	EndGlobalSection
	GlobalSection(NestedProjects) = preSolution
		{5290C9B2-73E7-4286-888E-894B6C536BF3} = {9A82E8B5-E273-46E7-9BCC-661E1BD2CDCC}
		{D0235A65-F37A-4762-B66F-3361E77909E9} = {8729BDA5-8A2E-4708-AFB3-0DEEFC6976DB}
		{0FFC8FE4-8343-41E0-81B2-91485FAD8893} = {07A2D1DD-30CB-47AB-9024-7AB556571620}
		{41BD01AD-E1AF-4675-9BDD-2EBB14108C7D} = {0FFC8FE4-8343-41E0-81B2-91485FAD8893}
		{2FEED2D6-57A2-48B0-83F7-F1585B410FDB} = {07A2D1DD-30CB-47AB-9024-7AB556571620}
		{D9771B84-9FCF-4372-9D56-6A57ADC4764D} = {8221000A-E3D7-433A-A422-9E2C9A494A16}
		{FF21459C-BAFB-411A-98E0-88F464D10B2D} = {8C5CB37C-0F65-47F3-88A6-20C1C443E487}
		{23C19B94-F4A9-48B6-A1E2-C168C29D9503} = {8C5CB37C-0F65-47F3-88A6-20C1C443E487}
		{DC06A6C2-06E5-4EDA-B702-2B4BB28DD53E} = {C78070F6-B87F-435E-91FF-FA08BAE3D83B}
		{DF2E50AD-2F91-4CD0-B6CD-55892C6C9629} = {8729BDA5-8A2E-4708-AFB3-0DEEFC6976DB}
		{BCAED30C-3CED-41F3-B32C-1326B9D63324} = {8C5CB37C-0F65-47F3-88A6-20C1C443E487}
		{D1A641E0-8E61-405D-A606-E8C5BCF420F5} = {8729BDA5-8A2E-4708-AFB3-0DEEFC6976DB}
		{5F5DD05A-65F6-4AFB-9E3D-58B63A410F5B} = {3CC442B1-95C0-4B12-A5B9-82B5C922487F}
		{6E424CB6-C362-4A5D-A789-9DD024939092} = {3CC442B1-95C0-4B12-A5B9-82B5C922487F}
		{A6B723FC-F9F9-4D0D-BD8C-5C1EACF54522} = {9A82E8B5-E273-46E7-9BCC-661E1BD2CDCC}
		{23355998-DC3E-4F8D-A3DE-6B0B545A44A1} = {9A82E8B5-E273-46E7-9BCC-661E1BD2CDCC}
		{FA920334-0D24-4441-A4DF-0BB18E106D18} = {8729BDA5-8A2E-4708-AFB3-0DEEFC6976DB}
		{516E7753-42F5-45BB-93F4-5A0C6D0422E3} = {07A2D1DD-30CB-47AB-9024-7AB556571620}
		{2083648F-FB33-4410-BCD1-635CFAD831EC} = {516E7753-42F5-45BB-93F4-5A0C6D0422E3}
		{D3B3BB6B-5E09-44D6-9642-01B2CEE2446D} = {8729BDA5-8A2E-4708-AFB3-0DEEFC6976DB}
		{3846A542-EE36-4911-887F-6E14B3FC0AA3} = {D3B3BB6B-5E09-44D6-9642-01B2CEE2446D}
		{3797C7D0-12C2-4F5E-9986-F944FE780B18} = {3846A542-EE36-4911-887F-6E14B3FC0AA3}
		{6CAAA482-AE2F-4EA2-902F-B4A745ADE254} = {8C5CB37C-0F65-47F3-88A6-20C1C443E487}
		{F0CE943E-6527-4804-8CC4-F3708521348A} = {07A2D1DD-30CB-47AB-9024-7AB556571620}
		{9BAB7116-BDBC-4771-8937-9A547675CCAF} = {F0CE943E-6527-4804-8CC4-F3708521348A}
		{BA137FA0-8640-4D1B-96C8-AD8D489ACD2C} = {9A82E8B5-E273-46E7-9BCC-661E1BD2CDCC}
		{061ABB25-DA39-42D1-B688-21FDC11B62E8} = {8729BDA5-8A2E-4708-AFB3-0DEEFC6976DB}
		{F98E3584-4DEB-4829-BC06-42E59E300D96} = {9A82E8B5-E273-46E7-9BCC-661E1BD2CDCC}
	EndGlobalSection
	GlobalSection(ExtensibilityGlobals) = postSolution
		SolutionGuid = {E9554BBA-0D09-4005-B169-1F653855E8B7}
	EndGlobalSection
EndGlobal
